
Microsoft Visual Studio Solution File, Format Version 12.00
# Visual Studio 14
VisualStudioVersion = 14.0.23107.0
MinimumVisualStudioVersion = 10.0.40219.1
Project("{FAE04EC0-301F-11D3-BF4B-00C04F79EFBC}") = "VKDrive", "VKDrive\VKDrive.csproj", "{8CAEEAD5-015C-4226-AD67-5C14079621CE}"
EndProject
Project("{FAE04EC0-301F-11D3-BF4B-00C04F79EFBC}") = "DokanxNet", "..\DokanxNet\DokanxNet.csproj", "{A09B408A-26A0-4FF8-83D5-6E1B1DA5F63C}"
EndProject
Global
	GlobalSection(SolutionConfigurationPlatforms) = preSolution
		Debug|Any CPU = Debug|Any CPU
		Debug|x86 = Debug|x86
		Release|Any CPU = Release|Any CPU
		Release|x86 = Release|x86
	EndGlobalSection
	GlobalSection(ProjectConfigurationPlatforms) = postSolution
		{8CAEEAD5-015C-4226-AD67-5C14079621CE}.Debug|Any CPU.ActiveCfg = Debug|Any CPU
		{8CAEEAD5-015C-4226-AD67-5C14079621CE}.Debug|Any CPU.Build.0 = Debug|Any CPU
		{8CAEEAD5-015C-4226-AD67-5C14079621CE}.Debug|x86.ActiveCfg = Debug|Any CPU
		{8CAEEAD5-015C-4226-AD67-5C14079621CE}.Debug|x86.Build.0 = Debug|Any CPU
		{8CAEEAD5-015C-4226-AD67-5C14079621CE}.Release|Any CPU.ActiveCfg = Release|Any CPU
		{8CAEEAD5-015C-4226-AD67-5C14079621CE}.Release|Any CPU.Build.0 = Release|Any CPU
		{8CAEEAD5-015C-4226-AD67-5C14079621CE}.Release|x86.ActiveCfg = Release|Any CPU
		{8CAEEAD5-015C-4226-AD67-5C14079621CE}.Release|x86.Build.0 = Release|Any CPU
		{A09B408A-26A0-4FF8-83D5-6E1B1DA5F63C}.Debug|Any CPU.ActiveCfg = Debug|Any CPU
		{A09B408A-26A0-4FF8-83D5-6E1B1DA5F63C}.Debug|Any CPU.Build.0 = Debug|Any CPU
		{A09B408A-26A0-4FF8-83D5-6E1B1DA5F63C}.Debug|x86.ActiveCfg = Debug|x86
		{A09B408A-26A0-4FF8-83D5-6E1B1DA5F63C}.Debug|x86.Build.0 = Debug|x86
		{A09B408A-26A0-4FF8-83D5-6E1B1DA5F63C}.Release|Any CPU.ActiveCfg = Release|Any CPU
		{A09B408A-26A0-4FF8-83D5-6E1B1DA5F63C}.Release|Any CPU.Build.0 = Release|Any CPU
		{A09B408A-26A0-4FF8-83D5-6E1B1DA5F63C}.Release|x86.ActiveCfg = Release|x86
		{A09B408A-26A0-4FF8-83D5-6E1B1DA5F63C}.Release|x86.Build.0 = Release|x86
	EndGlobalSection
	GlobalSection(SolutionProperties) = preSolution
		HideSolutionNode = FALSE
	EndGlobalSection
EndGlobal
